# THIS IS AN AUTOGENERATED FILE. DO NOT EDIT THIS FILE DIRECTLY.
# yarn lockfile v1


"@types/chai@^4.2.11":
  version "4.2.11"
  resolved "https://packages.atlassian.com/api/npm/npm-remote/@types/chai/-/chai-4.2.11.tgz#d3614d6c5f500142358e6ed24e1bf16657536c50"
  integrity sha1-02FNbF9QAUI1jm7SThvxZldTbFA=

"@types/mocha@^7.0.2":
  version "7.0.2"
  resolved "https://packages.atlassian.com/api/npm/npm-remote/@types/mocha/-/mocha-7.0.2.tgz#b17f16cf933597e10d6d78eae3251e692ce8b0ce"
  integrity sha1-sX8Wz5M1l+ENbXjq4yUeaSzosM4=
